
Microsoft Visual Studio Solution File, Format Version 11.00
# Visual Studio 2010
Project("{2150E333-8FDC-42A3-9474-1A3956D46DE8}") = "Documentation", "Documentation", "{7E8CCA61-1E2B-4399-B2A3-220EB04B3C4C}"
	ProjectSection(SolutionItems) = preProject
		Code Formating.txt = Code Formating.txt
		Localization.txt = Localization.txt
		Modules.txt = Modules.txt
		Packets.txt = Packets.txt
		Requirements.txt = Requirements.txt
		StandardVarables.txt = StandardVarables.txt
	EndProjectSection
EndProject
Project("{FAE04EC0-301F-11D3-BF4B-00C04F79EFBC}") = "Client", "Client\Client.csproj", "{DB1D97B5-42D2-4706-8C8F-316CEAFCF0AE}"
EndProject
Project("{FAE04EC0-301F-11D3-BF4B-00C04F79EFBC}") = "Server", "Server\Server.csproj", "{8EFF4DFF-8F00-404C-ABA0-1EB63DCE72C3}"
EndProject
Project("{FAE04EC0-301F-11D3-BF4B-00C04F79EFBC}") = "Network Test", "Network Test\Network Test.csproj", "{DE88CD33-60DD-4DE3-9FEE-BA5F2EFBCE0D}"
EndProject
Project("{FAE04EC0-301F-11D3-BF4B-00C04F79EFBC}") = "NetworkTest Server", "NetworkTest Server\NetworkTest Server.csproj", "{E58A904A-B80A-46AD-9A23-80FA8B79B3CF}"
EndProject
Project("{FAE04EC0-301F-11D3-BF4B-00C04F79EFBC}") = "NetworkTest Client", "NetworkTest Client\NetworkTest Client.csproj", "{1AE34340-5833-4B89-B84E-2592C4A251C4}"
EndProject
Project("{FAE04EC0-301F-11D3-BF4B-00C04F79EFBC}") = "Shared", "Shared\Shared.csproj", "{2A94627E-C52D-417B-BED8-4FB534BED6DD}"
EndProject
Global
	GlobalSection(SolutionConfigurationPlatforms) = preSolution
		Debug|Any CPU = Debug|Any CPU
		Debug|Mixed Platforms = Debug|Mixed Platforms
		Debug|x86 = Debug|x86
		Release_Linux|Any CPU = Release_Linux|Any CPU
		Release_Linux|Mixed Platforms = Release_Linux|Mixed Platforms
		Release_Linux|x86 = Release_Linux|x86
		Release|Any CPU = Release|Any CPU
		Release|Mixed Platforms = Release|Mixed Platforms
		Release|x86 = Release|x86
	EndGlobalSection
	GlobalSection(ProjectConfigurationPlatforms) = postSolution
		{DB1D97B5-42D2-4706-8C8F-316CEAFCF0AE}.Debug|Any CPU.ActiveCfg = Debug|x86
		{DB1D97B5-42D2-4706-8C8F-316CEAFCF0AE}.Debug|Any CPU.Build.0 = Debug|x86
		{DB1D97B5-42D2-4706-8C8F-316CEAFCF0AE}.Debug|Mixed Platforms.ActiveCfg = Debug|x86
		{DB1D97B5-42D2-4706-8C8F-316CEAFCF0AE}.Debug|Mixed Platforms.Build.0 = Debug|x86
		{DB1D97B5-42D2-4706-8C8F-316CEAFCF0AE}.Debug|x86.ActiveCfg = Debug|x86
		{DB1D97B5-42D2-4706-8C8F-316CEAFCF0AE}.Debug|x86.Build.0 = Debug|x86
		{DB1D97B5-42D2-4706-8C8F-316CEAFCF0AE}.Release_Linux|Any CPU.ActiveCfg = Release_Linux|x86
		{DB1D97B5-42D2-4706-8C8F-316CEAFCF0AE}.Release_Linux|Mixed Platforms.ActiveCfg = Release_Linux|x86
		{DB1D97B5-42D2-4706-8C8F-316CEAFCF0AE}.Release_Linux|Mixed Platforms.Build.0 = Release_Linux|x86
		{DB1D97B5-42D2-4706-8C8F-316CEAFCF0AE}.Release_Linux|x86.ActiveCfg = Release_Linux|x86
		{DB1D97B5-42D2-4706-8C8F-316CEAFCF0AE}.Release_Linux|x86.Build.0 = Release_Linux|x86
		{DB1D97B5-42D2-4706-8C8F-316CEAFCF0AE}.Release|Any CPU.ActiveCfg = Release|x86
		{DB1D97B5-42D2-4706-8C8F-316CEAFCF0AE}.Release|Any CPU.Build.0 = Release|x86
		{DB1D97B5-42D2-4706-8C8F-316CEAFCF0AE}.Release|Mixed Platforms.ActiveCfg = Release|x86
		{DB1D97B5-42D2-4706-8C8F-316CEAFCF0AE}.Release|Mixed Platforms.Build.0 = Release|x86
		{DB1D97B5-42D2-4706-8C8F-316CEAFCF0AE}.Release|x86.ActiveCfg = Release|x86
		{DB1D97B5-42D2-4706-8C8F-316CEAFCF0AE}.Release|x86.Build.0 = Release|x86
		{8EFF4DFF-8F00-404C-ABA0-1EB63DCE72C3}.Debug|Any CPU.ActiveCfg = Debug|x86
		{8EFF4DFF-8F00-404C-ABA0-1EB63DCE72C3}.Debug|Any CPU.Build.0 = Debug|x86
		{8EFF4DFF-8F00-404C-ABA0-1EB63DCE72C3}.Debug|Mixed Platforms.ActiveCfg = Debug|x86
		{8EFF4DFF-8F00-404C-ABA0-1EB63DCE72C3}.Debug|Mixed Platforms.Build.0 = Debug|x86
		{8EFF4DFF-8F00-404C-ABA0-1EB63DCE72C3}.Debug|x86.ActiveCfg = Debug|x86
		{8EFF4DFF-8F00-404C-ABA0-1EB63DCE72C3}.Debug|x86.Build.0 = Debug|x86
		{8EFF4DFF-8F00-404C-ABA0-1EB63DCE72C3}.Release_Linux|Any CPU.ActiveCfg = Release_Linux|x86
		{8EFF4DFF-8F00-404C-ABA0-1EB63DCE72C3}.Release_Linux|Mixed Platforms.ActiveCfg = Release_Linux|x86
		{8EFF4DFF-8F00-404C-ABA0-1EB63DCE72C3}.Release_Linux|Mixed Platforms.Build.0 = Release_Linux|x86
		{8EFF4DFF-8F00-404C-ABA0-1EB63DCE72C3}.Release_Linux|x86.ActiveCfg = Release_Linux|x86
		{8EFF4DFF-8F00-404C-ABA0-1EB63DCE72C3}.Release|Any CPU.ActiveCfg = Release|x86
		{8EFF4DFF-8F00-404C-ABA0-1EB63DCE72C3}.Release|Any CPU.Build.0 = Release|x86
		{8EFF4DFF-8F00-404C-ABA0-1EB63DCE72C3}.Release|Mixed Platforms.ActiveCfg = Release|x86
		{8EFF4DFF-8F00-404C-ABA0-1EB63DCE72C3}.Release|Mixed Platforms.Build.0 = Release|x86
		{8EFF4DFF-8F00-404C-ABA0-1EB63DCE72C3}.Release|x86.ActiveCfg = Release|x86
		{8EFF4DFF-8F00-404C-ABA0-1EB63DCE72C3}.Release|x86.Build.0 = Release|x86
		{DE88CD33-60DD-4DE3-9FEE-BA5F2EFBCE0D}.Debug|Any CPU.ActiveCfg = Debug|x86
		{DE88CD33-60DD-4DE3-9FEE-BA5F2EFBCE0D}.Debug|Any CPU.Build.0 = Debug|x86
		{DE88CD33-60DD-4DE3-9FEE-BA5F2EFBCE0D}.Debug|Mixed Platforms.ActiveCfg = Debug|x86
		{DE88CD33-60DD-4DE3-9FEE-BA5F2EFBCE0D}.Debug|Mixed Platforms.Build.0 = Debug|x86
		{DE88CD33-60DD-4DE3-9FEE-BA5F2EFBCE0D}.Debug|x86.ActiveCfg = Debug|x86
		{DE88CD33-60DD-4DE3-9FEE-BA5F2EFBCE0D}.Debug|x86.Build.0 = Debug|x86
		{DE88CD33-60DD-4DE3-9FEE-BA5F2EFBCE0D}.Release_Linux|Any CPU.ActiveCfg = Release|x86
		{DE88CD33-60DD-4DE3-9FEE-BA5F2EFBCE0D}.Release_Linux|Mixed Platforms.ActiveCfg = Release|x86
		{DE88CD33-60DD-4DE3-9FEE-BA5F2EFBCE0D}.Release_Linux|Mixed Platforms.Build.0 = Release|x86
		{DE88CD33-60DD-4DE3-9FEE-BA5F2EFBCE0D}.Release_Linux|x86.ActiveCfg = Release|x86
		{DE88CD33-60DD-4DE3-9FEE-BA5F2EFBCE0D}.Release_Linux|x86.Build.0 = Release|x86
		{DE88CD33-60DD-4DE3-9FEE-BA5F2EFBCE0D}.Release|Any CPU.ActiveCfg = Release|x86
		{DE88CD33-60DD-4DE3-9FEE-BA5F2EFBCE0D}.Release|Any CPU.Build.0 = Release|x86
		{DE88CD33-60DD-4DE3-9FEE-BA5F2EFBCE0D}.Release|Mixed Platforms.ActiveCfg = Release|x86
		{DE88CD33-60DD-4DE3-9FEE-BA5F2EFBCE0D}.Release|Mixed Platforms.Build.0 = Release|x86
		{DE88CD33-60DD-4DE3-9FEE-BA5F2EFBCE0D}.Release|x86.ActiveCfg = Release|x86
		{DE88CD33-60DD-4DE3-9FEE-BA5F2EFBCE0D}.Release|x86.Build.0 = Release|x86
		{E58A904A-B80A-46AD-9A23-80FA8B79B3CF}.Debug|Any CPU.ActiveCfg = Debug|x86
		{E58A904A-B80A-46AD-9A23-80FA8B79B3CF}.Debug|Any CPU.Build.0 = Debug|x86
		{E58A904A-B80A-46AD-9A23-80FA8B79B3CF}.Debug|Mixed Platforms.ActiveCfg = Debug|x86
		{E58A904A-B80A-46AD-9A23-80FA8B79B3CF}.Debug|Mixed Platforms.Build.0 = Debug|x86
		{E58A904A-B80A-46AD-9A23-80FA8B79B3CF}.Debug|x86.ActiveCfg = Debug|x86
		{E58A904A-B80A-46AD-9A23-80FA8B79B3CF}.Debug|x86.Build.0 = Debug|x86
		{E58A904A-B80A-46AD-9A23-80FA8B79B3CF}.Release_Linux|Any CPU.ActiveCfg = Release|x86
		{E58A904A-B80A-46AD-9A23-80FA8B79B3CF}.Release_Linux|Mixed Platforms.ActiveCfg = Release|x86
		{E58A904A-B80A-46AD-9A23-80FA8B79B3CF}.Release_Linux|Mixed Platforms.Build.0 = Release|x86
		{E58A904A-B80A-46AD-9A23-80FA8B79B3CF}.Release_Linux|x86.ActiveCfg = Release|x86
		{E58A904A-B80A-46AD-9A23-80FA8B79B3CF}.Release_Linux|x86.Build.0 = Release|x86
		{E58A904A-B80A-46AD-9A23-80FA8B79B3CF}.Release|Any CPU.ActiveCfg = Release|x86
		{E58A904A-B80A-46AD-9A23-80FA8B79B3CF}.Release|Any CPU.Build.0 = Release|x86
		{E58A904A-B80A-46AD-9A23-80FA8B79B3CF}.Release|Mixed Platforms.ActiveCfg = Release|x86
		{E58A904A-B80A-46AD-9A23-80FA8B79B3CF}.Release|Mixed Platforms.Build.0 = Release|x86
		{E58A904A-B80A-46AD-9A23-80FA8B79B3CF}.Release|x86.ActiveCfg = Release|x86
		{E58A904A-B80A-46AD-9A23-80FA8B79B3CF}.Release|x86.Build.0 = Release|x86
		{1AE34340-5833-4B89-B84E-2592C4A251C4}.Debug|Any CPU.ActiveCfg = Debug|x86
		{1AE34340-5833-4B89-B84E-2592C4A251C4}.Debug|Any CPU.Build.0 = Debug|x86
		{1AE34340-5833-4B89-B84E-2592C4A251C4}.Debug|Mixed Platforms.ActiveCfg = Debug|x86
		{1AE34340-5833-4B89-B84E-2592C4A251C4}.Debug|Mixed Platforms.Build.0 = Debug|x86
		{1AE34340-5833-4B89-B84E-2592C4A251C4}.Debug|x86.ActiveCfg = Debug|x86
		{1AE34340-5833-4B89-B84E-2592C4A251C4}.Debug|x86.Build.0 = Debug|x86
		{1AE34340-5833-4B89-B84E-2592C4A251C4}.Release_Linux|Any CPU.ActiveCfg = Release|x86
		{1AE34340-5833-4B89-B84E-2592C4A251C4}.Release_Linux|Mixed Platforms.ActiveCfg = Release|x86
		{1AE34340-5833-4B89-B84E-2592C4A251C4}.Release_Linux|Mixed Platforms.Build.0 = Release|x86
		{1AE34340-5833-4B89-B84E-2592C4A251C4}.Release_Linux|x86.ActiveCfg = Release|x86
		{1AE34340-5833-4B89-B84E-2592C4A251C4}.Release_Linux|x86.Build.0 = Release|x86
		{1AE34340-5833-4B89-B84E-2592C4A251C4}.Release|Any CPU.ActiveCfg = Release|x86
		{1AE34340-5833-4B89-B84E-2592C4A251C4}.Release|Any CPU.Build.0 = Release|x86
		{1AE34340-5833-4B89-B84E-2592C4A251C4}.Release|Mixed Platforms.ActiveCfg = Release|x86
		{1AE34340-5833-4B89-B84E-2592C4A251C4}.Release|Mixed Platforms.Build.0 = Release|x86
		{1AE34340-5833-4B89-B84E-2592C4A251C4}.Release|x86.ActiveCfg = Release|x86
		{1AE34340-5833-4B89-B84E-2592C4A251C4}.Release|x86.Build.0 = Release|x86
		{2A94627E-C52D-417B-BED8-4FB534BED6DD}.Debug|Any CPU.ActiveCfg = Debug|Any CPU
		{2A94627E-C52D-417B-BED8-4FB534BED6DD}.Debug|Any CPU.Build.0 = Debug|Any CPU
		{2A94627E-C52D-417B-BED8-4FB534BED6DD}.Debug|Mixed Platforms.ActiveCfg = Debug|Any CPU
		{2A94627E-C52D-417B-BED8-4FB534BED6DD}.Debug|Mixed Platforms.Build.0 = Debug|Any CPU
		{2A94627E-C52D-417B-BED8-4FB534BED6DD}.Debug|x86.ActiveCfg = Debug|Any CPU
		{2A94627E-C52D-417B-BED8-4FB534BED6DD}.Release_Linux|Any CPU.ActiveCfg = Release|Any CPU
		{2A94627E-C52D-417B-BED8-4FB534BED6DD}.Release_Linux|Any CPU.Build.0 = Release|Any CPU
		{2A94627E-C52D-417B-BED8-4FB534BED6DD}.Release_Linux|Mixed Platforms.ActiveCfg = Release|Any CPU
		{2A94627E-C52D-417B-BED8-4FB534BED6DD}.Release_Linux|Mixed Platforms.Build.0 = Release|Any CPU
		{2A94627E-C52D-417B-BED8-4FB534BED6DD}.Release_Linux|x86.ActiveCfg = Release|Any CPU
		{2A94627E-C52D-417B-BED8-4FB534BED6DD}.Release|Any CPU.ActiveCfg = Release|Any CPU
		{2A94627E-C52D-417B-BED8-4FB534BED6DD}.Release|Any CPU.Build.0 = Release|Any CPU
		{2A94627E-C52D-417B-BED8-4FB534BED6DD}.Release|Mixed Platforms.ActiveCfg = Release|Any CPU
		{2A94627E-C52D-417B-BED8-4FB534BED6DD}.Release|Mixed Platforms.Build.0 = Release|Any CPU
		{2A94627E-C52D-417B-BED8-4FB534BED6DD}.Release|x86.ActiveCfg = Release|Any CPU
	EndGlobalSection
	GlobalSection(SolutionProperties) = preSolution
		HideSolutionNode = FALSE
	EndGlobalSection
EndGlobal
